
Microsoft Visual Studio Solution File, Format Version 12.00
# Visual Studio 2013
VisualStudioVersion = 12.0.31101.0
MinimumVisualStudioVersion = 10.0.40219.1
Project("{FAE04EC0-301F-11D3-BF4B-00C04F79EFBC}") = "Lecture", "Lecture\Lecture.csproj", "{A0503E4F-6353-48F9-B389-00EC028E43F0}"
EndProject
Project("{F088123C-0E9E-452A-89E6-6BA2F21D5CAC}") = "test1", "test1\test1.modelproj", "{051D983C-87CC-4D2C-BBED-53DC3843A9DC}"
EndProject
Global
	GlobalSection(SolutionConfigurationPlatforms) = preSolution
		Debug|Any CPU = Debug|Any CPU
		Release|Any CPU = Release|Any CPU
	EndGlobalSection
	GlobalSection(ProjectConfigurationPlatforms) = postSolution
		{A0503E4F-6353-48F9-B389-00EC028E43F0}.Debug|Any CPU.ActiveCfg = Debug|Any CPU
		{A0503E4F-6353-48F9-B389-00EC028E43F0}.Debug|Any CPU.Build.0 = Debug|Any CPU
		{A0503E4F-6353-48F9-B389-00EC028E43F0}.Release|Any CPU.ActiveCfg = Release|Any CPU
		{A0503E4F-6353-48F9-B389-00EC028E43F0}.Release|Any CPU.Build.0 = Release|Any CPU
		{051D983C-87CC-4D2C-BBED-53DC3843A9DC}.Debug|Any CPU.ActiveCfg = Debug|Any CPU
		{051D983C-87CC-4D2C-BBED-53DC3843A9DC}.Debug|Any CPU.Build.0 = Debug|Any CPU
		{051D983C-87CC-4D2C-BBED-53DC3843A9DC}.Release|Any CPU.ActiveCfg = Release|Any CPU
		{051D983C-87CC-4D2C-BBED-53DC3843A9DC}.Release|Any CPU.Build.0 = Release|Any CPU
	EndGlobalSection
	GlobalSection(SolutionProperties) = preSolution
		HideSolutionNode = FALSE
	EndGlobalSection
EndGlobal
